
Microsoft Visual Studio Solution File, Format Version 12.00
# Visual Studio 15
VisualStudioVersion = 15.0.26124.0
MinimumVisualStudioVersion = 15.0.26124.0
Project("{2150E333-8FDC-42A3-9474-1A3956D46DE8}") = "src", "src", "{81C9D4A1-2AED-408D-B7AC-CFE0E1FB12A6}"
EndProject
Project("{FAE04EC0-301F-11D3-BF4B-00C04F79EFBC}") = "CommandAPI", "src\CommandAPI\CommandAPI.csproj", "{3E22DC4E-CA32-44DE-8C5C-BE3275572550}"
EndProject
Project("{2150E333-8FDC-42A3-9474-1A3956D46DE8}") = "test", "test", "{EB64DD7A-200E-4B72-9B82-6B5FA5211ACE}"
EndProject
Project("{FAE04EC0-301F-11D3-BF4B-00C04F79EFBC}") = "CommandAPI.Tests", "test\CommandAPI.Tests\CommandAPI.Tests.csproj", "{AB5DE46A-913A-452C-81AE-F89E9F334A6A}"
EndProject
Global
	GlobalSection(SolutionConfigurationPlatforms) = preSolution
		Debug|Any CPU = Debug|Any CPU
		Debug|x64 = Debug|x64
		Debug|x86 = Debug|x86
		Release|Any CPU = Release|Any CPU
		Release|x64 = Release|x64
		Release|x86 = Release|x86
	EndGlobalSection
	GlobalSection(SolutionProperties) = preSolution
		HideSolutionNode = FALSE
	EndGlobalSection
	GlobalSection(ProjectConfigurationPlatforms) = postSolution
		{3E22DC4E-CA32-44DE-8C5C-BE3275572550}.Debug|Any CPU.ActiveCfg = Debug|Any CPU
		{3E22DC4E-CA32-44DE-8C5C-BE3275572550}.Debug|Any CPU.Build.0 = Debug|Any CPU
		{3E22DC4E-CA32-44DE-8C5C-BE3275572550}.Debug|x64.ActiveCfg = Debug|Any CPU
		{3E22DC4E-CA32-44DE-8C5C-BE3275572550}.Debug|x64.Build.0 = Debug|Any CPU
		{3E22DC4E-CA32-44DE-8C5C-BE3275572550}.Debug|x86.ActiveCfg = Debug|Any CPU
		{3E22DC4E-CA32-44DE-8C5C-BE3275572550}.Debug|x86.Build.0 = Debug|Any CPU
		{3E22DC4E-CA32-44DE-8C5C-BE3275572550}.Release|Any CPU.ActiveCfg = Release|Any CPU
		{3E22DC4E-CA32-44DE-8C5C-BE3275572550}.Release|Any CPU.Build.0 = Release|Any CPU
		{3E22DC4E-CA32-44DE-8C5C-BE3275572550}.Release|x64.ActiveCfg = Release|Any CPU
		{3E22DC4E-CA32-44DE-8C5C-BE3275572550}.Release|x64.Build.0 = Release|Any CPU
		{3E22DC4E-CA32-44DE-8C5C-BE3275572550}.Release|x86.ActiveCfg = Release|Any CPU
		{3E22DC4E-CA32-44DE-8C5C-BE3275572550}.Release|x86.Build.0 = Release|Any CPU
		{AB5DE46A-913A-452C-81AE-F89E9F334A6A}.Debug|Any CPU.ActiveCfg = Debug|Any CPU
		{AB5DE46A-913A-452C-81AE-F89E9F334A6A}.Debug|Any CPU.Build.0 = Debug|Any CPU
		{AB5DE46A-913A-452C-81AE-F89E9F334A6A}.Debug|x64.ActiveCfg = Debug|Any CPU
		{AB5DE46A-913A-452C-81AE-F89E9F334A6A}.Debug|x64.Build.0 = Debug|Any CPU
		{AB5DE46A-913A-452C-81AE-F89E9F334A6A}.Debug|x86.ActiveCfg = Debug|Any CPU
		{AB5DE46A-913A-452C-81AE-F89E9F334A6A}.Debug|x86.Build.0 = Debug|Any CPU
		{AB5DE46A-913A-452C-81AE-F89E9F334A6A}.Release|Any CPU.ActiveCfg = Release|Any CPU
		{AB5DE46A-913A-452C-81AE-F89E9F334A6A}.Release|Any CPU.Build.0 = Release|Any CPU
		{AB5DE46A-913A-452C-81AE-F89E9F334A6A}.Release|x64.ActiveCfg = Release|Any CPU
		{AB5DE46A-913A-452C-81AE-F89E9F334A6A}.Release|x64.Build.0 = Release|Any CPU
		{AB5DE46A-913A-452C-81AE-F89E9F334A6A}.Release|x86.ActiveCfg = Release|Any CPU
		{AB5DE46A-913A-452C-81AE-F89E9F334A6A}.Release|x86.Build.0 = Release|Any CPU
	EndGlobalSection
	GlobalSection(NestedProjects) = preSolution
		{3E22DC4E-CA32-44DE-8C5C-BE3275572550} = {81C9D4A1-2AED-408D-B7AC-CFE0E1FB12A6}
		{AB5DE46A-913A-452C-81AE-F89E9F334A6A} = {EB64DD7A-200E-4B72-9B82-6B5FA5211ACE}
	EndGlobalSection
EndGlobal
